{"_readme":["This file locks the dependencies of your project to a known state","Read more about it at https://getcomposer.org/doc/01-basic-usage.md#installing-dependencies","This file is @generated automatically"],"content-hash":"7a1c9f1e8a3f6e6b2f9c4a5d6e7f8091","packages":[{"name":"wpackagist-plugin/akismet","version":"5.3","source":{"type":"svn","url":"https://plugins.svn.wordpress.org/akismet/","reference":"tags/5.3"},"dist":{"type":"zip","url":"https://downloads.wordpress.org/plugin/akismet.5.3.zip"},"type":"wordpress-plugin","notification-url":"https://packagist.org/downloads/","homepage":"https://wordpress.org/plugins/akismet/","description":"Used by millions, Akismet is quite possibly the best way in the world to protect your blog from spam."},{"name":"wpackagist-plugin/wordfence","version":"7.11.0","source":{"type":"svn","url":"https://plugins.svn.wordpress.org/wordfence/","reference":"tags/7.11.0"},"dist":{"type":"zip","url":"https://downloads.wordpress.org/plugin/wordfence.7.11.0.zip"},"type":"wordpress-plugin","notification-url":"https://packagist.org/downloads/","homepage":"https://wordpress.org/plugins/wordfence/","description":"Wordfence Security - the most comprehensive WordPress security plugin."}],"packages-dev":[],"aliases":[],"minimum-stability":"stable","stability-flags":[],"prefer-stable":false,"prefer-lowest":false,"platform":[],"platform-dev":[],"plugin-api-version":"2.3.0"}